// !$*UTF8*$!
{
	archiveVersion = 1;
	classes = {
	};
	objectVersion = 50;
	objects = {

/* Begin PBXBuildFile section */
		9B0F527127626B3700E09194 /* Horror.swift in Sources */ = {isa = PBXBuildFile; fileRef = 9B0F527027626B3700E09194 /* Horror.swift */; };
		9B1BAC4227690C8000032C80 /* GameHorrorViewController.swift in Sources */ = {isa = PBXBuildFile; fileRef = 9B1BAC4127690C8000032C80 /* GameHorrorViewController.swift */; };
		9B1BAC44276922B700032C80 /* Favorites.swift in Sources */ = {isa = PBXBuildFile; fileRef = 9B1BAC43276922B700032C80 /* Favorites.swift */; };
		9B225E89276BC037002B7619 /* Action.swift in Sources */ = {isa = PBXBuildFile; fileRef = 9B225E88276BC037002B7619 /* Action.swift */; };
		9B22BBCC276E327100252ADD /* GameActionViewController.swift in Sources */ = {isa = PBXBuildFile; fileRef = 9B22BBCB276E327100252ADD /* GameActionViewController.swift */; };
		9B22BBCE276E507900252ADD /* FavoritesViewController.swift in Sources */ = {isa = PBXBuildFile; fileRef = 9B22BBCD276E507900252ADD /* FavoritesViewController.swift */; };
		9B2668B3276A51D7001EC3BF /* SelectionViewController.swift in Sources */ = {isa = PBXBuildFile; fileRef = 9B2668B2276A51D7001EC3BF /* SelectionViewController.swift */; };
		9B2A79CD276DF72E00AD2376 /* ActionViewController.swift in Sources */ = {isa = PBXBuildFile; fileRef = 9B2A79CC276DF72E00AD2376 /* ActionViewController.swift */; };
		9BC9115F2761197D0034C651 /* AppDelegate.swift in Sources */ = {isa = PBXBuildFile; fileRef = 9BC9115E2761197D0034C651 /* AppDelegate.swift */; };
		9BC911612761197D0034C651 /* SceneDelegate.swift in Sources */ = {isa = PBXBuildFile; fileRef = 9BC911602761197D0034C651 /* SceneDelegate.swift */; };
		9BC911632761197D0034C651 /* StartViewController.swift in Sources */ = {isa = PBXBuildFile; fileRef = 9BC911622761197D0034C651 /* StartViewController.swift */; };
		9BC911662761197D0034C651 /* Main.storyboard in Resources */ = {isa = PBXBuildFile; fileRef = 9BC911642761197D0034C651 /* Main.storyboard */; };
		9BC911682761197D0034C651 /* Assets.xcassets in Resources */ = {isa = PBXBuildFile; fileRef = 9BC911672761197D0034C651 /* Assets.xcassets */; };
		9BC9116B2761197D0034C651 /* LaunchScreen.storyboard in Resources */ = {isa = PBXBuildFile; fileRef = 9BC911692761197D0034C651 /* LaunchScreen.storyboard */; };
		9BC9117327613ABB0034C651 /* HorrorViewController.swift in Sources */ = {isa = PBXBuildFile; fileRef = 9BC9117227613ABB0034C651 /* HorrorViewController.swift */; };
/* End PBXBuildFile section */

/* Begin PBXFileReference section */
		9B0F527027626B3700E09194 /* Horror.swift */ = {isa = PBXFileReference; lastKnownFileType = sourcecode.swift; path = Horror.swift; sourceTree = "<group>"; };
		9B1BAC4127690C8000032C80 /* GameHorrorViewController.swift */ = {isa = PBXFileReference; lastKnownFileType = sourcecode.swift; path = GameHorrorViewController.swift; sourceTree = "<group>"; };
		9B1BAC43276922B700032C80 /* Favorites.swift */ = {isa = PBXFileReference; lastKnownFileType = sourcecode.swift; path = Favorites.swift; sourceTree = "<group>"; };
		9B225E88276BC037002B7619 /* Action.swift */ = {isa = PBXFileReference; lastKnownFileType = sourcecode.swift; path = Action.swift; sourceTree = "<group>"; };
		9B22BBCB276E327100252ADD /* GameActionViewController.swift */ = {isa = PBXFileReference; lastKnownFileType = sourcecode.swift; path = GameActionViewController.swift; sourceTree = "<group>"; };
		9B22BBCD276E507900252ADD /* FavoritesViewController.swift */ = {isa = PBXFileReference; lastKnownFileType = sourcecode.swift; path = FavoritesViewController.swift; sourceTree = "<group>"; };
		9B2668B2276A51D7001EC3BF /* SelectionViewController.swift */ = {isa = PBXFileReference; lastKnownFileType = sourcecode.swift; path = SelectionViewController.swift; sourceTree = "<group>"; };
		9B2A79CC276DF72E00AD2376 /* ActionViewController.swift */ = {isa = PBXFileReference; lastKnownFileType = sourcecode.swift; path = ActionViewController.swift; sourceTree = "<group>"; };
		9BC9115B2761197D0034C651 /* MVCPractise.app */ = {isa = PBXFileReference; explicitFileType = wrapper.application; includeInIndex = 0; path = MVCPractise.app; sourceTree = BUILT_PRODUCTS_DIR; };
		9BC9115E2761197D0034C651 /* AppDelegate.swift */ = {isa = PBXFileReference; lastKnownFileType = sourcecode.swift; path = AppDelegate.swift; sourceTree = "<group>"; };
		9BC911602761197D0034C651 /* SceneDelegate.swift */ = {isa = PBXFileReference; lastKnownFileType = sourcecode.swift; path = SceneDelegate.swift; sourceTree = "<group>"; };
		9BC911622761197D0034C651 /* StartViewController.swift */ = {isa = PBXFileReference; lastKnownFileType = sourcecode.swift; path = StartViewController.swift; sourceTree = "<group>"; };
		9BC911652761197D0034C651 /* Base */ = {isa = PBXFileReference; lastKnownFileType = file.storyboard; name = Base; path = Base.lproj/Main.storyboard; sourceTree = "<group>"; };
		9BC911672761197D0034C651 /* Assets.xcassets */ = {isa = PBXFileReference; lastKnownFileType = folder.assetcatalog; path = Assets.xcassets; sourceTree = "<group>"; };
		9BC9116A2761197D0034C651 /* Base */ = {isa = PBXFileReference; lastKnownFileType = file.storyboard; name = Base; path = Base.lproj/LaunchScreen.storyboard; sourceTree = "<group>"; };
		9BC9116C2761197D0034C651 /* Info.plist */ = {isa = PBXFileReference; lastKnownFileType = text.plist.xml; path = Info.plist; sourceTree = "<group>"; };
		9BC9117227613ABB0034C651 /* HorrorViewController.swift */ = {isa = PBXFileReference; lastKnownFileType = sourcecode.swift; path = HorrorViewController.swift; sourceTree = "<group>"; };
/* End PBXFileReference section */

/* Begin PBXFrameworksBuildPhase section */
		9BC911582761197D0034C651 /* Frameworks */ = {
			isa = PBXFrameworksBuildPhase;
			buildActionMask = 2147483647;
			files = (
			);
			runOnlyForDeploymentPostprocessing = 0;
		};
/* End PBXFrameworksBuildPhase section */

/* Begin PBXGroup section */
		9B171BE42774E2BF0069299D /* Supporting files */ = {
			isa = PBXGroup;
			children = (
				9BC9115E2761197D0034C651 /* AppDelegate.swift */,
				9BC911602761197D0034C651 /* SceneDelegate.swift */,
			);
			path = "Supporting files";
			sourceTree = "<group>";
		};
		9B2A79CE276DF79900AD2376 /* Models */ = {
			isa = PBXGroup;
			children = (
				9B1BAC43276922B700032C80 /* Favorites.swift */,
				9B0F527027626B3700E09194 /* Horror.swift */,
				9B225E88276BC037002B7619 /* Action.swift */,
			);
			path = Models;
			sourceTree = "<group>";
		};
		9B2A79CF276DF7AD00AD2376 /* Controllers */ = {
			isa = PBXGroup;
			children = (
				9B2A79CC276DF72E00AD2376 /* ActionViewController.swift */,
				9B22BBCD276E507900252ADD /* FavoritesViewController.swift */,
				9B22BBCB276E327100252ADD /* GameActionViewController.swift */,
				9B1BAC4127690C8000032C80 /* GameHorrorViewController.swift */,
				9BC9117227613ABB0034C651 /* HorrorViewController.swift */,
				9B2668B2276A51D7001EC3BF /* SelectionViewController.swift */,
				9BC911622761197D0034C651 /* StartViewController.swift */,
			);
			path = Controllers;
			sourceTree = "<group>";
		};
		9B2A79D0276DF7DD00AD2376 /* Views */ = {
			isa = PBXGroup;
			children = (
				9BC911642761197D0034C651 /* Main.storyboard */,
				9BC911692761197D0034C651 /* LaunchScreen.storyboard */,
			);
			path = Views;
			sourceTree = "<group>";
		};
		9BC911522761197D0034C651 = {
			isa = PBXGroup;
			children = (
				9BC9115D2761197D0034C651 /* MVCPractise */,
				9BC9115C2761197D0034C651 /* Products */,
			);
			sourceTree = "<group>";
		};
		9BC9115C2761197D0034C651 /* Products */ = {
			isa = PBXGroup;
			children = (
				9BC9115B2761197D0034C651 /* MVCPractise.app */,
			);
			name = Products;
			sourceTree = "<group>";
		};
		9BC9115D2761197D0034C651 /* MVCPractise */ = {
			isa = PBXGroup;
			children = (
				9BC911672761197D0034C651 /* Assets.xcassets */,
				9B2A79CF276DF7AD00AD2376 /* Controllers */,
				9BC9116C2761197D0034C651 /* Info.plist */,
				9B2A79CE276DF79900AD2376 /* Models */,
				9B171BE42774E2BF0069299D /* Supporting files */,
				9B2A79D0276DF7DD00AD2376 /* Views */,
			);
			path = MVCPractise;
			sourceTree = "<group>";
		};
/* End PBXGroup section */

/* Begin PBXNativeTarget section */
		9BC9115A2761197D0034C651 /* MVCPractise */ = {
			isa = PBXNativeTarget;
			buildConfigurationList = 9BC9116F2761197D0034C651 /* Build configuration list for PBXNativeTarget "MVCPractise" */;
			buildPhases = (
				9BC911572761197D0034C651 /* Sources */,
				9BC911582761197D0034C651 /* Frameworks */,
				9BC911592761197D0034C651 /* Resources */,
			);
			buildRules = (
			);
			dependencies = (
			);
			name = MVCPractise;
			productName = MVCPractise;
			productReference = 9BC9115B2761197D0034C651 /* MVCPractise.app */;
			productType = "com.apple.product-type.application";
		};
/* End PBXNativeTarget section */

/* Begin PBXProject section */
		9BC911532761197D0034C651 /* Project object */ = {
			isa = PBXProject;
			attributes = {
				LastSwiftUpdateCheck = 1250;
				LastUpgradeCheck = 1250;
				TargetAttributes = {
					9BC9115A2761197D0034C651 = {
						CreatedOnToolsVersion = 12.5;
					};
				};
			};
			buildConfigurationList = 9BC911562761197D0034C651 /* Build configuration list for PBXProject "MVCPractise" */;
			compatibilityVersion = "Xcode 9.3";
			developmentRegion = en;
			hasScannedForEncodings = 0;
			knownRegions = (
				en,
				Base,
			);
			mainGroup = 9BC911522761197D0034C651;
			productRefGroup = 9BC9115C2761197D0034C651 /* Products */;
			projectDirPath = "";
			projectRoot = "";
			targets = (
				9BC9115A2761197D0034C651 /* MVCPractise */,
			);
		};
/* End PBXProject section */

/* Begin PBXResourcesBuildPhase section */
		9BC911592761197D0034C651 /* Resources */ = {
			isa = PBXResourcesBuildPhase;
			buildActionMask = 2147483647;
			files = (
				9BC9116B2761197D0034C651 /* LaunchScreen.storyboard in Resources */,
				9BC911682761197D0034C651 /* Assets.xcassets in Resources */,
				9BC911662761197D0034C651 /* Main.storyboard in Resources */,
			);
			runOnlyForDeploymentPostprocessing = 0;
		};
/* End PBXResourcesBuildPhase section */

/* Begin PBXSourcesBuildPhase section */
		9BC911572761197D0034C651 /* Sources */ = {
			isa = PBXSourcesBuildPhase;
			buildActionMask = 2147483647;
			files = (
				9BC911632761197D0034C651 /* StartViewController.swift in Sources */,
				9B225E89276BC037002B7619 /* Action.swift in Sources */,
				9BC9115F2761197D0034C651 /* AppDelegate.swift in Sources */,
				9B1BAC44276922B700032C80 /* Favorites.swift in Sources */,
				9BC911612761197D0034C651 /* SceneDelegate.swift in Sources */,
				9B22BBCC276E327100252ADD /* GameActionViewController.swift in Sources */,
				9B0F527127626B3700E09194 /* Horror.swift in Sources */,
				9B2A79CD276DF72E00AD2376 /* ActionViewController.swift in Sources */,
				9B2668B3276A51D7001EC3BF /* SelectionViewController.swift in Sources */,
				9B1BAC4227690C8000032C80 /* GameHorrorViewController.swift in Sources */,
				9B22BBCE276E507900252ADD /* FavoritesViewController.swift in Sources */,
				9BC9117327613ABB0034C651 /* HorrorViewController.swift in Sources */,
			);
			runOnlyForDeploymentPostprocessing = 0;
		};
/* End PBXSourcesBuildPhase section */

/* Begin PBXVariantGroup section */
		9BC911642761197D0034C651 /* Main.storyboard */ = {
			isa = PBXVariantGroup;
			children = (
				9BC911652761197D0034C651 /* Base */,
			);
			name = Main.storyboard;
			sourceTree = "<group>";
		};
		9BC911692761197D0034C651 /* LaunchScreen.storyboard */ = {
			isa = PBXVariantGroup;
			children = (
				9BC9116A2761197D0034C651 /* Base */,
			);
			name = LaunchScreen.storyboard;
			sourceTree = "<group>";
		};
/* End PBXVariantGroup section */

/* Begin XCBuildConfiguration section */
		9BC9116D2761197D0034C651 /* Debug */ = {
			isa = XCBuildConfiguration;
			buildSettings = {
				ALWAYS_SEARCH_USER_PATHS = NO;
				CLANG_ANALYZER_NONNULL = YES;
				CLANG_ANALYZER_NUMBER_OBJECT_CONVERSION = YES_AGGRESSIVE;
				CLANG_CXX_LANGUAGE_STANDARD = "gnu++14";
				CLANG_CXX_LIBRARY = "libc++";
				CLANG_ENABLE_MODULES = YES;
				CLANG_ENABLE_OBJC_ARC = YES;
				CLANG_ENABLE_OBJC_WEAK = YES;
				CLANG_WARN_BLOCK_CAPTURE_AUTORELEASING = YES;
				CLANG_WARN_BOOL_CONVERSION = YES;
				CLANG_WARN_COMMA = YES;
				CLANG_WARN_CONSTANT_CONVERSION = YES;
				CLANG_WARN_DEPRECATED_OBJC_IMPLEMENTATIONS = YES;
				CLANG_WARN_DIRECT_OBJC_ISA_USAGE = YES_ERROR;
				CLANG_WARN_DOCUMENTATION_COMMENTS = YES;
				CLANG_WARN_EMPTY_BODY = YES;
				CLANG_WARN_ENUM_CONVERSION = YES;
				CLANG_WARN_INFINITE_RECURSION = YES;
				CLANG_WARN_INT_CONVERSION = YES;
				CLANG_WARN_NON_LITERAL_NULL_CONVERSION = YES;
				CLANG_WARN_OBJC_IMPLICIT_RETAIN_SELF = YES;
				CLANG_WARN_OBJC_LITERAL_CONVERSION = YES;
				CLANG_WARN_OBJC_ROOT_CLASS = YES_ERROR;
				CLANG_WARN_QUOTED_INCLUDE_IN_FRAMEWORK_HEADER = YES;
				CLANG_WARN_RANGE_LOOP_ANALYSIS = YES;
				CLANG_WARN_STRICT_PROTOTYPES = YES;
				CLANG_WARN_SUSPICIOUS_MOVE = YES;
				CLANG_WARN_UNGUARDED_AVAILABILITY = YES_AGGRESSIVE;
				CLANG_WARN_UNREACHABLE_CODE = YES;
				CLANG_WARN__DUPLICATE_METHOD_MATCH = YES;
				COPY_PHASE_STRIP = NO;
				DEBUG_INFORMATION_FORMAT = dwarf;
				ENABLE_STRICT_OBJC_MSGSEND = YES;
				ENABLE_TESTABILITY = YES;
				GCC_C_LANGUAGE_STANDARD = gnu11;
				GCC_DYNAMIC_NO_PIC = NO;
				GCC_NO_COMMON_BLOCKS = YES;
				GCC_OPTIMIZATION_LEVEL = 0;
				GCC_PREPROCESSOR_DEFINITIONS = (
					"DEBUG=1",
					"$(inherited)",
				);
				GCC_WARN_64_TO_32_BIT_CONVERSION = YES;
				GCC_WARN_ABOUT_RETURN_TYPE = YES_ERROR;
				GCC_WARN_UNDECLARED_SELECTOR = YES;
				GCC_WARN_UNINITIALIZED_AUTOS = YES_AGGRESSIVE;
				GCC_WARN_UNUSED_FUNCTION = YES;
				GCC_WARN_UNUSED_VARIABLE = YES;
				IPHONEOS_DEPLOYMENT_TARGET = 14.5;
				MTL_ENABLE_DEBUG_INFO = INCLUDE_SOURCE;
				MTL_FAST_MATH = YES;
				ONLY_ACTIVE_ARCH = YES;
				SDKROOT = iphoneos;
				SWIFT_ACTIVE_COMPILATION_CONDITIONS = DEBUG;
				SWIFT_OPTIMIZATION_LEVEL = "-Onone";
			};
			name = Debug;
		};
		9BC9116E2761197D0034C651 /* Release */ = {
			isa = XCBuildConfiguration;
			buildSettings = {
				ALWAYS_SEARCH_USER_PATHS = NO;
				CLANG_ANALYZER_NONNULL = YES;
				CLANG_ANALYZER_NUMBER_OBJECT_CONVERSION = YES_AGGRESSIVE;
				CLANG_CXX_LANGUAGE_STANDARD = "gnu++14";
				CLANG_CXX_LIBRARY = "libc++";
				CLANG_ENABLE_MODULES = YES;
				CLANG_ENABLE_OBJC_ARC = YES;
				CLANG_ENABLE_OBJC_WEAK = YES;
				CLANG_WARN_BLOCK_CAPTURE_AUTORELEASING = YES;
				CLANG_WARN_BOOL_CONVERSION = YES;
				CLANG_WARN_COMMA = YES;
				CLANG_WARN_CONSTANT_CONVERSION = YES;
				CLANG_WARN_DEPRECATED_OBJC_IMPLEMENTATIONS = YES;
				CLANG_WARN_DIRECT_OBJC_ISA_USAGE = YES_ERROR;
				CLANG_WARN_DOCUMENTATION_COMMENTS = YES;
				CLANG_WARN_EMPTY_BODY = YES;
				CLANG_WARN_ENUM_CONVERSION = YES;
				CLANG_WARN_INFINITE_RECURSION = YES;
				CLANG_WARN_INT_CONVERSION = YES;
				CLANG_WARN_NON_LITERAL_NULL_CONVERSION = YES;
				CLANG_WARN_OBJC_IMPLICIT_RETAIN_SELF = YES;
				CLANG_WARN_OBJC_LITERAL_CONVERSION = YES;
				CLANG_WARN_OBJC_ROOT_CLASS = YES_ERROR;
				CLANG_WARN_QUOTED_INCLUDE_IN_FRAMEWORK_HEADER = YES;
				CLANG_WARN_RANGE_LOOP_ANALYSIS = YES;
				CLANG_WARN_STRICT_PROTOTYPES = YES;
				CLANG_WARN_SUSPICIOUS_MOVE = YES;
				CLANG_WARN_UNGUARDED_AVAILABILITY = YES_AGGRESSIVE;
				CLANG_WARN_UNREACHABLE_CODE = YES;
				CLANG_WARN__DUPLICATE_METHOD_MATCH = YES;
				COPY_PHASE_STRIP = NO;
				DEBUG_INFORMATION_FORMAT = "dwarf-with-dsym";
				ENABLE_NS_ASSERTIONS = NO;
				ENABLE_STRICT_OBJC_MSGSEND = YES;
				GCC_C_LANGUAGE_STANDARD = gnu11;
				GCC_NO_COMMON_BLOCKS = YES;
				GCC_WARN_64_TO_32_BIT_CONVERSION = YES;
				GCC_WARN_ABOUT_RETURN_TYPE = YES_ERROR;
				GCC_WARN_UNDECLARED_SELECTOR = YES;
				GCC_WARN_UNINITIALIZED_AUTOS = YES_AGGRESSIVE;
				GCC_WARN_UNUSED_FUNCTION = YES;
				GCC_WARN_UNUSED_VARIABLE = YES;
				IPHONEOS_DEPLOYMENT_TARGET = 14.5;
				MTL_ENABLE_DEBUG_INFO = NO;
				MTL_FAST_MATH = YES;
				SDKROOT = iphoneos;
				SWIFT_COMPILATION_MODE = wholemodule;
				SWIFT_OPTIMIZATION_LEVEL = "-O";
				VALIDATE_PRODUCT = YES;
			};
			name = Release;
		};
		9BC911702761197D0034C651 /* Debug */ = {
			isa = XCBuildConfiguration;
			buildSettings = {
				ASSETCATALOG_COMPILER_APPICON_NAME = AppIcon;
				ASSETCATALOG_COMPILER_GLOBAL_ACCENT_COLOR_NAME = AccentColor;
				CODE_SIGN_STYLE = Automatic;
				DEVELOPMENT_TEAM = 7AG3H6Y3C5;
				INFOPLIST_FILE = MVCPractise/Info.plist;
				LD_RUNPATH_SEARCH_PATHS = (
					"$(inherited)",
					"@executable_path/Frameworks",
				);
				PRODUCT_BUNDLE_IDENTIFIER = MVCPractiseSharapovaN.MVCPractise;
				PRODUCT_NAME = "$(TARGET_NAME)";
				SWIFT_VERSION = 5.0;
				TARGETED_DEVICE_FAMILY = "1,2";
			};
			name = Debug;
		};
		9BC911712761197D0034C651 /* Release */ = {
			isa = XCBuildConfiguration;
			buildSettings = {
				ASSETCATALOG_COMPILER_APPICON_NAME = AppIcon;
				ASSETCATALOG_COMPILER_GLOBAL_ACCENT_COLOR_NAME = AccentColor;
				CODE_SIGN_STYLE = Automatic;
				DEVELOPMENT_TEAM = 7AG3H6Y3C5;
				INFOPLIST_FILE = MVCPractise/Info.plist;
				LD_RUNPATH_SEARCH_PATHS = (
					"$(inherited)",
					"@executable_path/Frameworks",
				);
				PRODUCT_BUNDLE_IDENTIFIER = MVCPractiseSharapovaN.MVCPractise;
				PRODUCT_NAME = "$(TARGET_NAME)";
				SWIFT_VERSION = 5.0;
				TARGETED_DEVICE_FAMILY = "1,2";
			};
			name = Release;
		};
/* End XCBuildConfiguration section */

/* Begin XCConfigurationList section */
		9BC911562761197D0034C651 /* Build configuration list for PBXProject "MVCPractise" */ = {
			isa = XCConfigurationList;
			buildConfigurations = (
				9BC9116D2761197D0034C651 /* Debug */,
				9BC9116E2761197D0034C651 /* Release */,
			);
			defaultConfigurationIsVisible = 0;
			defaultConfigurationName = Release;
		};
		9BC9116F2761197D0034C651 /* Build configuration list for PBXNativeTarget "MVCPractise" */ = {
			isa = XCConfigurationList;
			buildConfigurations = (
				9BC911702761197D0034C651 /* Debug */,
				9BC911712761197D0034C651 /* Release */,
			);
			defaultConfigurationIsVisible = 0;
			defaultConfigurationName = Release;
		};
/* End XCConfigurationList section */
	};
	rootObject = 9BC911532761197D0034C651 /* Project object */;
}
